// !$*UTF8*$!
{
	archiveVersion = 1;
	classes = {
	};
	objectVersion = 46;
	objects = {

/* Begin PBXBuildFile section */
		23126DB31CF4092E00F731AE /* main.m in Sources */ = {isa = PBXBuildFile; fileRef = 23126DB21CF4092E00F731AE /* main.m */; };
		23126DB61CF4092E00F731AE /* AppDelegate.m in Sources */ = {isa = PBXBuildFile; fileRef = 23126DB51CF4092E00F731AE /* AppDelegate.m */; };
		23126DB91CF4092E00F731AE /* ViewController.m in Sources */ = {isa = PBXBuildFile; fileRef = 23126DB81CF4092E00F731AE /* ViewController.m */; };
		23126DBC1CF4092E00F731AE /* Main.storyboard in Resources */ = {isa = PBXBuildFile; fileRef = 23126DBA1CF4092E00F731AE /* Main.storyboard */; };
		23126DBE1CF4092E00F731AE /* Assets.xcassets in Resources */ = {isa = PBXBuildFile; fileRef = 23126DBD1CF4092E00F731AE /* Assets.xcassets */; };
		23126DC11CF4092E00F731AE /* LaunchScreen.storyboard in Resources */ = {isa = PBXBuildFile; fileRef = 23126DBF1CF4092E00F731AE /* LaunchScreen.storyboard */; };
		23126DDF1CF5936E00F731AE /* MVCLoginViewController.m in Sources */ = {isa = PBXBuildFile; fileRef = 23126DDD1CF5936E00F731AE /* MVCLoginViewController.m */; };
		23126DE01CF5936E00F731AE /* MVCLoginViewController.xib in Resources */ = {isa = PBXBuildFile; fileRef = 23126DDE1CF5936E00F731AE /* MVCLoginViewController.xib */; };
		23126DE41CF5937F00F731AE /* MVVMLoginViewController.m in Sources */ = {isa = PBXBuildFile; fileRef = 23126DE21CF5937F00F731AE /* MVVMLoginViewController.m */; };
		23126DE51CF5937F00F731AE /* MVVMLoginViewController.xib in Resources */ = {isa = PBXBuildFile; fileRef = 23126DE31CF5937F00F731AE /* MVVMLoginViewController.xib */; };
		23126DE91CF5938C00F731AE /* RACLoginViewController.m in Sources */ = {isa = PBXBuildFile; fileRef = 23126DE71CF5938C00F731AE /* RACLoginViewController.m */; };
		23126DEA1CF5938C00F731AE /* RACLoginViewController.xib in Resources */ = {isa = PBXBuildFile; fileRef = 23126DE81CF5938C00F731AE /* RACLoginViewController.xib */; };
		23126DEE1CF5939B00F731AE /* MVVMRACLoginViewController.m in Sources */ = {isa = PBXBuildFile; fileRef = 23126DEC1CF5939B00F731AE /* MVVMRACLoginViewController.m */; };
		23126DEF1CF5939B00F731AE /* MVVMRACLoginViewController.xib in Resources */ = {isa = PBXBuildFile; fileRef = 23126DED1CF5939B00F731AE /* MVVMRACLoginViewController.xib */; };
		23126DF31CF5944A00F731AE /* LoginResultViewController.m in Sources */ = {isa = PBXBuildFile; fileRef = 23126DF11CF5944A00F731AE /* LoginResultViewController.m */; };
		23126DF41CF5944A00F731AE /* LoginResultViewController.xib in Resources */ = {isa = PBXBuildFile; fileRef = 23126DF21CF5944A00F731AE /* LoginResultViewController.xib */; };
		23126DFD1CF5B03E00F731AE /* LoginViewModel.m in Sources */ = {isa = PBXBuildFile; fileRef = 23126DFC1CF5B03E00F731AE /* LoginViewModel.m */; };
		9260E09044CE447996549F1F /* libPods-ReactiveCocoaDemo.a in Frameworks */ = {isa = PBXBuildFile; fileRef = D9976C667E5967BE0362CFDC /* libPods-ReactiveCocoaDemo.a */; };
		DC850B66240CEFFA8E6A6C0F /* libPods.a in Frameworks */ = {isa = PBXBuildFile; fileRef = 2D86F4D7F65CD6192D5214DF /* libPods.a */; };
/* End PBXBuildFile section */

/* Begin PBXFileReference section */
		23126DAE1CF4092E00F731AE /* ReactiveCocoaDemo.app */ = {isa = PBXFileReference; explicitFileType = wrapper.application; includeInIndex = 0; path = ReactiveCocoaDemo.app; sourceTree = BUILT_PRODUCTS_DIR; };
		23126DB21CF4092E00F731AE /* main.m */ = {isa = PBXFileReference; lastKnownFileType = sourcecode.c.objc; path = main.m; sourceTree = "<group>"; };
		23126DB41CF4092E00F731AE /* AppDelegate.h */ = {isa = PBXFileReference; lastKnownFileType = sourcecode.c.h; path = AppDelegate.h; sourceTree = "<group>"; };
		23126DB51CF4092E00F731AE /* AppDelegate.m */ = {isa = PBXFileReference; lastKnownFileType = sourcecode.c.objc; path = AppDelegate.m; sourceTree = "<group>"; };
		23126DB71CF4092E00F731AE /* ViewController.h */ = {isa = PBXFileReference; lastKnownFileType = sourcecode.c.h; path = ViewController.h; sourceTree = "<group>"; };
		23126DB81CF4092E00F731AE /* ViewController.m */ = {isa = PBXFileReference; lastKnownFileType = sourcecode.c.objc; path = ViewController.m; sourceTree = "<group>"; };
		23126DBB1CF4092E00F731AE /* Base */ = {isa = PBXFileReference; lastKnownFileType = file.storyboard; name = Base; path = Base.lproj/Main.storyboard; sourceTree = "<group>"; };
		23126DBD1CF4092E00F731AE /* Assets.xcassets */ = {isa = PBXFileReference; lastKnownFileType = folder.assetcatalog; path = Assets.xcassets; sourceTree = "<group>"; };
		23126DC01CF4092E00F731AE /* Base */ = {isa = PBXFileReference; lastKnownFileType = file.storyboard; name = Base; path = Base.lproj/LaunchScreen.storyboard; sourceTree = "<group>"; };
		23126DC21CF4092E00F731AE /* Info.plist */ = {isa = PBXFileReference; lastKnownFileType = text.plist.xml; path = Info.plist; sourceTree = "<group>"; };
		23126DDC1CF5936E00F731AE /* MVCLoginViewController.h */ = {isa = PBXFileReference; fileEncoding = 4; lastKnownFileType = sourcecode.c.h; path = MVCLoginViewController.h; sourceTree = "<group>"; };
		23126DDD1CF5936E00F731AE /* MVCLoginViewController.m */ = {isa = PBXFileReference; fileEncoding = 4; lastKnownFileType = sourcecode.c.objc; path = MVCLoginViewController.m; sourceTree = "<group>"; };
		23126DDE1CF5936E00F731AE /* MVCLoginViewController.xib */ = {isa = PBXFileReference; fileEncoding = 4; lastKnownFileType = file.xib; path = MVCLoginViewController.xib; sourceTree = "<group>"; };
		23126DE11CF5937F00F731AE /* MVVMLoginViewController.h */ = {isa = PBXFileReference; fileEncoding = 4; lastKnownFileType = sourcecode.c.h; path = MVVMLoginViewController.h; sourceTree = "<group>"; };
		23126DE21CF5937F00F731AE /* MVVMLoginViewController.m */ = {isa = PBXFileReference; fileEncoding = 4; lastKnownFileType = sourcecode.c.objc; path = MVVMLoginViewController.m; sourceTree = "<group>"; };
		23126DE31CF5937F00F731AE /* MVVMLoginViewController.xib */ = {isa = PBXFileReference; fileEncoding = 4; lastKnownFileType = file.xib; path = MVVMLoginViewController.xib; sourceTree = "<group>"; };
		23126DE61CF5938C00F731AE /* RACLoginViewController.h */ = {isa = PBXFileReference; fileEncoding = 4; lastKnownFileType = sourcecode.c.h; path = RACLoginViewController.h; sourceTree = "<group>"; };
		23126DE71CF5938C00F731AE /* RACLoginViewController.m */ = {isa = PBXFileReference; fileEncoding = 4; lastKnownFileType = sourcecode.c.objc; path = RACLoginViewController.m; sourceTree = "<group>"; };
		23126DE81CF5938C00F731AE /* RACLoginViewController.xib */ = {isa = PBXFileReference; fileEncoding = 4; lastKnownFileType = file.xib; path = RACLoginViewController.xib; sourceTree = "<group>"; };
		23126DEB1CF5939B00F731AE /* MVVMRACLoginViewController.h */ = {isa = PBXFileReference; fileEncoding = 4; lastKnownFileType = sourcecode.c.h; path = MVVMRACLoginViewController.h; sourceTree = "<group>"; };
		23126DEC1CF5939B00F731AE /* MVVMRACLoginViewController.m */ = {isa = PBXFileReference; fileEncoding = 4; lastKnownFileType = sourcecode.c.objc; path = MVVMRACLoginViewController.m; sourceTree = "<group>"; };
		23126DED1CF5939B00F731AE /* MVVMRACLoginViewController.xib */ = {isa = PBXFileReference; fileEncoding = 4; lastKnownFileType = file.xib; path = MVVMRACLoginViewController.xib; sourceTree = "<group>"; };
		23126DF01CF5944A00F731AE /* LoginResultViewController.h */ = {isa = PBXFileReference; fileEncoding = 4; lastKnownFileType = sourcecode.c.h; path = LoginResultViewController.h; sourceTree = "<group>"; };
		23126DF11CF5944A00F731AE /* LoginResultViewController.m */ = {isa = PBXFileReference; fileEncoding = 4; lastKnownFileType = sourcecode.c.objc; path = LoginResultViewController.m; sourceTree = "<group>"; };
		23126DF21CF5944A00F731AE /* LoginResultViewController.xib */ = {isa = PBXFileReference; fileEncoding = 4; lastKnownFileType = file.xib; path = LoginResultViewController.xib; sourceTree = "<group>"; };
		23126DFB1CF5B03E00F731AE /* LoginViewModel.h */ = {isa = PBXFileReference; fileEncoding = 4; lastKnownFileType = sourcecode.c.h; path = LoginViewModel.h; sourceTree = "<group>"; };
		23126DFC1CF5B03E00F731AE /* LoginViewModel.m */ = {isa = PBXFileReference; fileEncoding = 4; lastKnownFileType = sourcecode.c.objc; path = LoginViewModel.m; sourceTree = "<group>"; };
		2D86F4D7F65CD6192D5214DF /* libPods.a */ = {isa = PBXFileReference; explicitFileType = archive.ar; includeInIndex = 0; path = libPods.a; sourceTree = BUILT_PRODUCTS_DIR; };
		55C89EC7B8159DC4B402A728 /* Pods.debug.xcconfig */ = {isa = PBXFileReference; includeInIndex = 1; lastKnownFileType = text.xcconfig; name = Pods.debug.xcconfig; path = "Pods/Target Support Files/Pods/Pods.debug.xcconfig"; sourceTree = "<group>"; };
		6F0E044EF8E2C3424BDF2F68 /* Pods.release.xcconfig */ = {isa = PBXFileReference; includeInIndex = 1; lastKnownFileType = text.xcconfig; name = Pods.release.xcconfig; path = "Pods/Target Support Files/Pods/Pods.release.xcconfig"; sourceTree = "<group>"; };
		722DD5CF81F5F51060E96FC3 /* Pods-ReactiveCocoaDemo.release.xcconfig */ = {isa = PBXFileReference; includeInIndex = 1; lastKnownFileType = text.xcconfig; name = "Pods-ReactiveCocoaDemo.release.xcconfig"; path = "Pods/Target Support Files/Pods-ReactiveCocoaDemo/Pods-ReactiveCocoaDemo.release.xcconfig"; sourceTree = "<group>"; };
		85E7C38B80074FD62B8F5803 /* Pods-ReactiveCocoaDemo.debug.xcconfig */ = {isa = PBXFileReference; includeInIndex = 1; lastKnownFileType = text.xcconfig; name = "Pods-ReactiveCocoaDemo.debug.xcconfig"; path = "Pods/Target Support Files/Pods-ReactiveCocoaDemo/Pods-ReactiveCocoaDemo.debug.xcconfig"; sourceTree = "<group>"; };
		D9976C667E5967BE0362CFDC /* libPods-ReactiveCocoaDemo.a */ = {isa = PBXFileReference; explicitFileType = archive.ar; includeInIndex = 0; path = "libPods-ReactiveCocoaDemo.a"; sourceTree = BUILT_PRODUCTS_DIR; };
/* End PBXFileReference section */

/* Begin PBXFrameworksBuildPhase section */
		23126DAB1CF4092E00F731AE /* Frameworks */ = {
			isa = PBXFrameworksBuildPhase;
			buildActionMask = 2147483647;
			files = (
				DC850B66240CEFFA8E6A6C0F /* libPods.a in Frameworks */,
				9260E09044CE447996549F1F /* libPods-ReactiveCocoaDemo.a in Frameworks */,
			);
			runOnlyForDeploymentPostprocessing = 0;
		};
/* End PBXFrameworksBuildPhase section */

/* Begin PBXGroup section */
		23126DA51CF4092E00F731AE = {
			isa = PBXGroup;
			children = (
				23126DB01CF4092E00F731AE /* ReactiveCocoaDemo */,
				23126DAF1CF4092E00F731AE /* Products */,
				A9669B4843C51BFC83B77E2A /* Pods */,
				B506338293270E8F43B98499 /* Frameworks */,
			);
			sourceTree = "<group>";
		};
		23126DAF1CF4092E00F731AE /* Products */ = {
			isa = PBXGroup;
			children = (
				23126DAE1CF4092E00F731AE /* ReactiveCocoaDemo.app */,
			);
			name = Products;
			sourceTree = "<group>";
		};
		23126DB01CF4092E00F731AE /* ReactiveCocoaDemo */ = {
			isa = PBXGroup;
			children = (
				23126DB41CF4092E00F731AE /* AppDelegate.h */,
				23126DB51CF4092E00F731AE /* AppDelegate.m */,
				23126DB71CF4092E00F731AE /* ViewController.h */,
				23126DB81CF4092E00F731AE /* ViewController.m */,
				23126DDC1CF5936E00F731AE /* MVCLoginViewController.h */,
				23126DDD1CF5936E00F731AE /* MVCLoginViewController.m */,
				23126DDE1CF5936E00F731AE /* MVCLoginViewController.xib */,
				23126DE11CF5937F00F731AE /* MVVMLoginViewController.h */,
				23126DE21CF5937F00F731AE /* MVVMLoginViewController.m */,
				23126DE31CF5937F00F731AE /* MVVMLoginViewController.xib */,
				23126DE61CF5938C00F731AE /* RACLoginViewController.h */,
				23126DE71CF5938C00F731AE /* RACLoginViewController.m */,
				23126DE81CF5938C00F731AE /* RACLoginViewController.xib */,
				23126DEB1CF5939B00F731AE /* MVVMRACLoginViewController.h */,
				23126DEC1CF5939B00F731AE /* MVVMRACLoginViewController.m */,
				23126DED1CF5939B00F731AE /* MVVMRACLoginViewController.xib */,
				23126DFB1CF5B03E00F731AE /* LoginViewModel.h */,
				23126DFC1CF5B03E00F731AE /* LoginViewModel.m */,
				23126DF01CF5944A00F731AE /* LoginResultViewController.h */,
				23126DF11CF5944A00F731AE /* LoginResultViewController.m */,
				23126DF21CF5944A00F731AE /* LoginResultViewController.xib */,
				23126DBA1CF4092E00F731AE /* Main.storyboard */,
				23126DBD1CF4092E00F731AE /* Assets.xcassets */,
				23126DBF1CF4092E00F731AE /* LaunchScreen.storyboard */,
				23126DC21CF4092E00F731AE /* Info.plist */,
				23126DB11CF4092E00F731AE /* Supporting Files */,
			);
			path = ReactiveCocoaDemo;
			sourceTree = "<group>";
		};
		23126DB11CF4092E00F731AE /* Supporting Files */ = {
			isa = PBXGroup;
			children = (
				23126DB21CF4092E00F731AE /* main.m */,
			);
			name = "Supporting Files";
			sourceTree = "<group>";
		};
		A9669B4843C51BFC83B77E2A /* Pods */ = {
			isa = PBXGroup;
			children = (
				55C89EC7B8159DC4B402A728 /* Pods.debug.xcconfig */,
				6F0E044EF8E2C3424BDF2F68 /* Pods.release.xcconfig */,
				85E7C38B80074FD62B8F5803 /* Pods-ReactiveCocoaDemo.debug.xcconfig */,
				722DD5CF81F5F51060E96FC3 /* Pods-ReactiveCocoaDemo.release.xcconfig */,
			);
			name = Pods;
			sourceTree = "<group>";
		};
		B506338293270E8F43B98499 /* Frameworks */ = {
			isa = PBXGroup;
			children = (
				2D86F4D7F65CD6192D5214DF /* libPods.a */,
				D9976C667E5967BE0362CFDC /* libPods-ReactiveCocoaDemo.a */,
			);
			name = Frameworks;
			sourceTree = "<group>";
		};
/* End PBXGroup section */

/* Begin PBXNativeTarget section */
		23126DAD1CF4092E00F731AE /* ReactiveCocoaDemo */ = {
			isa = PBXNativeTarget;
			buildConfigurationList = 23126DC51CF4092E00F731AE /* Build configuration list for PBXNativeTarget "ReactiveCocoaDemo" */;
			buildPhases = (
				6D0DA909E348B530124CAB2A /* 📦 Check Pods Manifest.lock */,
				23126DAA1CF4092E00F731AE /* Sources */,
				23126DAB1CF4092E00F731AE /* Frameworks */,
				23126DAC1CF4092E00F731AE /* Resources */,
				D3449323787675F714E198AD /* 📦 Embed Pods Frameworks */,
				C75E6F9C46ACA876DF899BF8 /* 📦 Copy Pods Resources */,
			);
			buildRules = (
			);
			dependencies = (
			);
			name = ReactiveCocoaDemo;
			productName = ReactiveCocoaDemo;
			productReference = 23126DAE1CF4092E00F731AE /* ReactiveCocoaDemo.app */;
			productType = "com.apple.product-type.application";
		};
/* End PBXNativeTarget section */

/* Begin PBXProject section */
		23126DA61CF4092E00F731AE /* Project object */ = {
			isa = PBXProject;
			attributes = {
				LastUpgradeCheck = 0730;
				ORGANIZATIONNAME = TSJ;
				TargetAttributes = {
					23126DAD1CF4092E00F731AE = {
						CreatedOnToolsVersion = 7.3;
					};
				};
			};
			buildConfigurationList = 23126DA91CF4092E00F731AE /* Build configuration list for PBXProject "ReactiveCocoaDemo" */;
			compatibilityVersion = "Xcode 3.2";
			developmentRegion = English;
			hasScannedForEncodings = 0;
			knownRegions = (
				en,
				Base,
			);
			mainGroup = 23126DA51CF4092E00F731AE;
			productRefGroup = 23126DAF1CF4092E00F731AE /* Products */;
			projectDirPath = "";
			projectRoot = "";
			targets = (
				23126DAD1CF4092E00F731AE /* ReactiveCocoaDemo */,
			);
		};
/* End PBXProject section */

/* Begin PBXResourcesBuildPhase section */
		23126DAC1CF4092E00F731AE /* Resources */ = {
			isa = PBXResourcesBuildPhase;
			buildActionMask = 2147483647;
			files = (
				23126DE51CF5937F00F731AE /* MVVMLoginViewController.xib in Resources */,
				23126DEA1CF5938C00F731AE /* RACLoginViewController.xib in Resources */,
				23126DEF1CF5939B00F731AE /* MVVMRACLoginViewController.xib in Resources */,
				23126DE01CF5936E00F731AE /* MVCLoginViewController.xib in Resources */,
				23126DC11CF4092E00F731AE /* LaunchScreen.storyboard in Resources */,
				23126DF41CF5944A00F731AE /* LoginResultViewController.xib in Resources */,
				23126DBE1CF4092E00F731AE /* Assets.xcassets in Resources */,
				23126DBC1CF4092E00F731AE /* Main.storyboard in Resources */,
			);
			runOnlyForDeploymentPostprocessing = 0;
		};
/* End PBXResourcesBuildPhase section */

/* Begin PBXShellScriptBuildPhase section */
		6D0DA909E348B530124CAB2A /* 📦 Check Pods Manifest.lock */ = {
			isa = PBXShellScriptBuildPhase;
			buildActionMask = 2147483647;
			files = (
			);
			inputPaths = (
			);
			name = "📦 Check Pods Manifest.lock";
			outputPaths = (
			);
			runOnlyForDeploymentPostprocessing = 0;
			shellPath = /bin/sh;
			shellScript = "diff \"${PODS_ROOT}/../Podfile.lock\" \"${PODS_ROOT}/Manifest.lock\" > /dev/null\nif [[ $? != 0 ]] ; then\n    cat << EOM\nerror: The sandbox is not in sync with the Podfile.lock. Run 'pod install' or update your CocoaPods installation.\nEOM\n    exit 1\nfi\n";
			showEnvVarsInLog = 0;
		};
		C75E6F9C46ACA876DF899BF8 /* 📦 Copy Pods Resources */ = {
			isa = PBXShellScriptBuildPhase;
			buildActionMask = 2147483647;
			files = (
			);
			inputPaths = (
			);
			name = "📦 Copy Pods Resources";
			outputPaths = (
			);
			runOnlyForDeploymentPostprocessing = 0;
			shellPath = /bin/sh;
			shellScript = "\"${SRCROOT}/Pods/Target Support Files/Pods-ReactiveCocoaDemo/Pods-ReactiveCocoaDemo-resources.sh\"\n";
			showEnvVarsInLog = 0;
		};
		D3449323787675F714E198AD /* 📦 Embed Pods Frameworks */ = {
			isa = PBXShellScriptBuildPhase;
			buildActionMask = 2147483647;
			files = (
			);
			inputPaths = (
			);
			name = "📦 Embed Pods Frameworks";
			outputPaths = (
			);
			runOnlyForDeploymentPostprocessing = 0;
			shellPath = /bin/sh;
			shellScript = "\"${SRCROOT}/Pods/Target Support Files/Pods-ReactiveCocoaDemo/Pods-ReactiveCocoaDemo-frameworks.sh\"\n";
			showEnvVarsInLog = 0;
		};
/* End PBXShellScriptBuildPhase section */

/* Begin PBXSourcesBuildPhase section */
		23126DAA1CF4092E00F731AE /* Sources */ = {
			isa = PBXSourcesBuildPhase;
			buildActionMask = 2147483647;
			files = (
				23126DDF1CF5936E00F731AE /* MVCLoginViewController.m in Sources */,
				23126DFD1CF5B03E00F731AE /* LoginViewModel.m in Sources */,
				23126DE41CF5937F00F731AE /* MVVMLoginViewController.m in Sources */,
				23126DEE1CF5939B00F731AE /* MVVMRACLoginViewController.m in Sources */,
				23126DB91CF4092E00F731AE /* ViewController.m in Sources */,
				23126DE91CF5938C00F731AE /* RACLoginViewController.m in Sources */,
				23126DF31CF5944A00F731AE /* LoginResultViewController.m in Sources */,
				23126DB61CF4092E00F731AE /* AppDelegate.m in Sources */,
				23126DB31CF4092E00F731AE /* main.m in Sources */,
			);
			runOnlyForDeploymentPostprocessing = 0;
		};
/* End PBXSourcesBuildPhase section */

/* Begin PBXVariantGroup section */
		23126DBA1CF4092E00F731AE /* Main.storyboard */ = {
			isa = PBXVariantGroup;
			children = (
				23126DBB1CF4092E00F731AE /* Base */,
			);
			name = Main.storyboard;
			sourceTree = "<group>";
		};
		23126DBF1CF4092E00F731AE /* LaunchScreen.storyboard */ = {
			isa = PBXVariantGroup;
			children = (
				23126DC01CF4092E00F731AE /* Base */,
			);
			name = LaunchScreen.storyboard;
			sourceTree = "<group>";
		};
/* End PBXVariantGroup section */

/* Begin XCBuildConfiguration section */
		23126DC31CF4092E00F731AE /* Debug */ = {
			isa = XCBuildConfiguration;
			buildSettings = {
				ALWAYS_SEARCH_USER_PATHS = NO;
				CLANG_ANALYZER_NONNULL = YES;
				CLANG_CXX_LANGUAGE_STANDARD = "gnu++0x";
				CLANG_CXX_LIBRARY = "libc++";
				CLANG_ENABLE_MODULES = YES;
				CLANG_ENABLE_OBJC_ARC = YES;
				CLANG_WARN_BOOL_CONVERSION = YES;
				CLANG_WARN_CONSTANT_CONVERSION = YES;
				CLANG_WARN_DIRECT_OBJC_ISA_USAGE = YES_ERROR;
				CLANG_WARN_EMPTY_BODY = YES;
				CLANG_WARN_ENUM_CONVERSION = YES;
				CLANG_WARN_INT_CONVERSION = YES;
				CLANG_WARN_OBJC_ROOT_CLASS = YES_ERROR;
				CLANG_WARN_UNREACHABLE_CODE = YES;
				CLANG_WARN__DUPLICATE_METHOD_MATCH = YES;
				"CODE_SIGN_IDENTITY[sdk=iphoneos*]" = "iPhone Developer";
				COPY_PHASE_STRIP = NO;
				DEBUG_INFORMATION_FORMAT = dwarf;
				ENABLE_STRICT_OBJC_MSGSEND = YES;
				ENABLE_TESTABILITY = YES;
				GCC_C_LANGUAGE_STANDARD = gnu99;
				GCC_DYNAMIC_NO_PIC = NO;
				GCC_NO_COMMON_BLOCKS = YES;
				GCC_OPTIMIZATION_LEVEL = 0;
				GCC_PREPROCESSOR_DEFINITIONS = (
					"DEBUG=1",
					"$(inherited)",
				);
				GCC_WARN_64_TO_32_BIT_CONVERSION = YES;
				GCC_WARN_ABOUT_RETURN_TYPE = YES_ERROR;
				GCC_WARN_UNDECLARED_SELECTOR = YES;
				GCC_WARN_UNINITIALIZED_AUTOS = YES_AGGRESSIVE;
				GCC_WARN_UNUSED_FUNCTION = YES;
				GCC_WARN_UNUSED_VARIABLE = YES;
				IPHONEOS_DEPLOYMENT_TARGET = 9.3;
				MTL_ENABLE_DEBUG_INFO = YES;
				ONLY_ACTIVE_ARCH = YES;
				SDKROOT = iphoneos;
			};
			name = Debug;
		};
		23126DC41CF4092E00F731AE /* Release */ = {
			isa = XCBuildConfiguration;
			buildSettings = {
				ALWAYS_SEARCH_USER_PATHS = NO;
				CLANG_ANALYZER_NONNULL = YES;
				CLANG_CXX_LANGUAGE_STANDARD = "gnu++0x";
				CLANG_CXX_LIBRARY = "libc++";
				CLANG_ENABLE_MODULES = YES;
				CLANG_ENABLE_OBJC_ARC = YES;
				CLANG_WARN_BOOL_CONVERSION = YES;
				CLANG_WARN_CONSTANT_CONVERSION = YES;
				CLANG_WARN_DIRECT_OBJC_ISA_USAGE = YES_ERROR;
				CLANG_WARN_EMPTY_BODY = YES;
				CLANG_WARN_ENUM_CONVERSION = YES;
				CLANG_WARN_INT_CONVERSION = YES;
				CLANG_WARN_OBJC_ROOT_CLASS = YES_ERROR;
				CLANG_WARN_UNREACHABLE_CODE = YES;
				CLANG_WARN__DUPLICATE_METHOD_MATCH = YES;
				"CODE_SIGN_IDENTITY[sdk=iphoneos*]" = "iPhone Developer";
				COPY_PHASE_STRIP = NO;
				DEBUG_INFORMATION_FORMAT = "dwarf-with-dsym";
				ENABLE_NS_ASSERTIONS = NO;
				ENABLE_STRICT_OBJC_MSGSEND = YES;
				GCC_C_LANGUAGE_STANDARD = gnu99;
				GCC_NO_COMMON_BLOCKS = YES;
				GCC_WARN_64_TO_32_BIT_CONVERSION = YES;
				GCC_WARN_ABOUT_RETURN_TYPE = YES_ERROR;
				GCC_WARN_UNDECLARED_SELECTOR = YES;
				GCC_WARN_UNINITIALIZED_AUTOS = YES_AGGRESSIVE;
				GCC_WARN_UNUSED_FUNCTION = YES;
				GCC_WARN_UNUSED_VARIABLE = YES;
				IPHONEOS_DEPLOYMENT_TARGET = 9.3;
				MTL_ENABLE_DEBUG_INFO = NO;
				SDKROOT = iphoneos;
				VALIDATE_PRODUCT = YES;
			};
			name = Release;
		};
		23126DC61CF4092E00F731AE /* Debug */ = {
			isa = XCBuildConfiguration;
			baseConfigurationReference = 85E7C38B80074FD62B8F5803 /* Pods-ReactiveCocoaDemo.debug.xcconfig */;
			buildSettings = {
				ASSETCATALOG_COMPILER_APPICON_NAME = AppIcon;
				INFOPLIST_FILE = ReactiveCocoaDemo/Info.plist;
				LD_RUNPATH_SEARCH_PATHS = "$(inherited) @executable_path/Frameworks";
				PRODUCT_BUNDLE_IDENTIFIER = com.taoshijie.ReactiveCocoaDemo;
				PRODUCT_NAME = "$(TARGET_NAME)";
			};
			name = Debug;
		};
		23126DC71CF4092E00F731AE /* Release */ = {
			isa = XCBuildConfiguration;
			baseConfigurationReference = 722DD5CF81F5F51060E96FC3 /* Pods-ReactiveCocoaDemo.release.xcconfig */;
			buildSettings = {
				ASSETCATALOG_COMPILER_APPICON_NAME = AppIcon;
				INFOPLIST_FILE = ReactiveCocoaDemo/Info.plist;
				LD_RUNPATH_SEARCH_PATHS = "$(inherited) @executable_path/Frameworks";
				PRODUCT_BUNDLE_IDENTIFIER = com.taoshijie.ReactiveCocoaDemo;
				PRODUCT_NAME = "$(TARGET_NAME)";
			};
			name = Release;
		};
/* End XCBuildConfiguration section */

/* Begin XCConfigurationList section */
		23126DA91CF4092E00F731AE /* Build configuration list for PBXProject "ReactiveCocoaDemo" */ = {
			isa = XCConfigurationList;
			buildConfigurations = (
				23126DC31CF4092E00F731AE /* Debug */,
				23126DC41CF4092E00F731AE /* Release */,
			);
			defaultConfigurationIsVisible = 0;
			defaultConfigurationName = Release;
		};
		23126DC51CF4092E00F731AE /* Build configuration list for PBXNativeTarget "ReactiveCocoaDemo" */ = {
			isa = XCConfigurationList;
			buildConfigurations = (
				23126DC61CF4092E00F731AE /* Debug */,
				23126DC71CF4092E00F731AE /* Release */,
			);
			defaultConfigurationIsVisible = 0;
			defaultConfigurationName = Release;
		};
/* End XCConfigurationList section */
	};
	rootObject = 23126DA61CF4092E00F731AE /* Project object */;
}
