// !$*UTF8*$!
{
	archiveVersion = 1;
	classes = {
	};
	objectVersion = 46;
	objects = {

/* Begin PBXBuildFile section */
		23126DB31CF4092E00F731AE /* main.m in Sources */ = {isa = PBXBuildFile; fileRef = 23126DB21CF4092E00F731AE /* main.m */; };
		23126DB61CF4092E00F731AE /* AppDelegate.m in Sources */ = {isa = PBXBuildFile; fileRef = 23126DB51CF4092E00F731AE /* AppDelegate.m */; };
		23126DB91CF4092E00F731AE /* ViewController.m in Sources */ = {isa = PBXBuildFile; fileRef = 23126DB81CF4092E00F731AE /* ViewController.m */; };
		23126DBC1CF4092E00F731AE /* Main.storyboard in Resources */ = {isa = PBXBuildFile; fileRef = 23126DBA1CF4092E00F731AE /* Main.storyboard */; };
		23126DBE1CF4092E00F731AE /* Assets.xcassets in Resources */ = {isa = PBXBuildFile; fileRef = 23126DBD1CF4092E00F731AE /* Assets.xcassets */; };
		23126DC11CF4092E00F731AE /* LaunchScreen.storyboard in Resources */ = {isa = PBXBuildFile; fileRef = 23126DBF1CF4092E00F731AE /* LaunchScreen.storyboard */; };
		2352937F1D3D2788004E6FB3 /* RACSearchService.m in Sources */ = {isa = PBXBuildFile; fileRef = 2352937E1D3D2788004E6FB3 /* RACSearchService.m */; };
		235293821D3D3584004E6FB3 /* RACBookModel.m in Sources */ = {isa = PBXBuildFile; fileRef = 235293811D3D3584004E6FB3 /* RACBookModel.m */; };
		235293851D3D3796004E6FB3 /* RACSearchResult.m in Sources */ = {isa = PBXBuildFile; fileRef = 235293841D3D3796004E6FB3 /* RACSearchResult.m */; };
		2352938A1D3E77AF004E6FB3 /* RACDetailViewController.m in Sources */ = {isa = PBXBuildFile; fileRef = 235293881D3E77AF004E6FB3 /* RACDetailViewController.m */; };
		2352938B1D3E77AF004E6FB3 /* RACDetailViewController.xib in Resources */ = {isa = PBXBuildFile; fileRef = 235293891D3E77AF004E6FB3 /* RACDetailViewController.xib */; };
		2352938E1D3E7C56004E6FB3 /* RACDetailViewModel.m in Sources */ = {isa = PBXBuildFile; fileRef = 2352938D1D3E7C56004E6FB3 /* RACDetailViewModel.m */; };
		235293AC1D3FD9E3004E6FB3 /* RACViewModelNavigationImpl.m in Sources */ = {isa = PBXBuildFile; fileRef = 235293AA1D3FD9E3004E6FB3 /* RACViewModelNavigationImpl.m */; };
		23F68CB21D3CBC07005A2F8D /* RACSearchViewController.m in Sources */ = {isa = PBXBuildFile; fileRef = 23F68CB01D3CBC07005A2F8D /* RACSearchViewController.m */; };
		23F68CB31D3CBC07005A2F8D /* RACSearchViewController.xib in Resources */ = {isa = PBXBuildFile; fileRef = 23F68CB11D3CBC07005A2F8D /* RACSearchViewController.xib */; };
		23F68CB91D3CBCAF005A2F8D /* RACSearchViewModel.m in Sources */ = {isa = PBXBuildFile; fileRef = 23F68CB81D3CBCAF005A2F8D /* RACSearchViewModel.m */; };
		23F68CCA1D3CCA99005A2F8D /* RACTableViewBindingHelper.m in Sources */ = {isa = PBXBuildFile; fileRef = 23F68CC91D3CCA99005A2F8D /* RACTableViewBindingHelper.m */; };
		23F68CCE1D3CCD57005A2F8D /* RACSearchResultTableViewCell.m in Sources */ = {isa = PBXBuildFile; fileRef = 23F68CCC1D3CCD57005A2F8D /* RACSearchResultTableViewCell.m */; };
		23F68CCF1D3CCD57005A2F8D /* RACSearchResultTableViewCell.xib in Resources */ = {isa = PBXBuildFile; fileRef = 23F68CCD1D3CCD57005A2F8D /* RACSearchResultTableViewCell.xib */; };
		23FFC83F1D3C800300C114A7 /* MVCLoginViewController.m in Sources */ = {isa = PBXBuildFile; fileRef = 23FFC82B1D3C800300C114A7 /* MVCLoginViewController.m */; };
		23FFC8401D3C800300C114A7 /* MVCLoginViewController.xib in Resources */ = {isa = PBXBuildFile; fileRef = 23FFC82C1D3C800300C114A7 /* MVCLoginViewController.xib */; };
		23FFC8411D3C800300C114A7 /* MVVMLoginViewController.m in Sources */ = {isa = PBXBuildFile; fileRef = 23FFC82E1D3C800300C114A7 /* MVVMLoginViewController.m */; };
		23FFC8421D3C800300C114A7 /* MVVMLoginViewController.xib in Resources */ = {isa = PBXBuildFile; fileRef = 23FFC82F1D3C800300C114A7 /* MVVMLoginViewController.xib */; };
		23FFC8431D3C800300C114A7 /* MVVMRACLoginViewController.m in Sources */ = {isa = PBXBuildFile; fileRef = 23FFC8311D3C800300C114A7 /* MVVMRACLoginViewController.m */; };
		23FFC8441D3C800300C114A7 /* MVVMRACLoginViewController.xib in Resources */ = {isa = PBXBuildFile; fileRef = 23FFC8321D3C800300C114A7 /* MVVMRACLoginViewController.xib */; };
		23FFC8451D3C800300C114A7 /* RACLoginViewController.m in Sources */ = {isa = PBXBuildFile; fileRef = 23FFC8341D3C800300C114A7 /* RACLoginViewController.m */; };
		23FFC8461D3C800300C114A7 /* RACLoginViewController.xib in Resources */ = {isa = PBXBuildFile; fileRef = 23FFC8351D3C800300C114A7 /* RACLoginViewController.xib */; };
		23FFC8471D3C800300C114A7 /* LoginViewModel.m in Sources */ = {isa = PBXBuildFile; fileRef = 23FFC83A1D3C800300C114A7 /* LoginViewModel.m */; };
		23FFC8481D3C800300C114A7 /* RACLoginViewModel.m in Sources */ = {isa = PBXBuildFile; fileRef = 23FFC83C1D3C800300C114A7 /* RACLoginViewModel.m */; };
		266A8E197AC3C143D6E149CF /* libPods-ReactiveCocoaDemo.a in Frameworks */ = {isa = PBXBuildFile; fileRef = D9976C667E5967BE0362CFDC /* libPods-ReactiveCocoaDemo.a */; };
/* End PBXBuildFile section */

/* Begin PBXFileReference section */
		23126DAE1CF4092E00F731AE /* ReactiveCocoaDemo.app */ = {isa = PBXFileReference; explicitFileType = wrapper.application; includeInIndex = 0; path = ReactiveCocoaDemo.app; sourceTree = BUILT_PRODUCTS_DIR; };
		23126DB21CF4092E00F731AE /* main.m */ = {isa = PBXFileReference; lastKnownFileType = sourcecode.c.objc; path = main.m; sourceTree = "<group>"; };
		23126DB41CF4092E00F731AE /* AppDelegate.h */ = {isa = PBXFileReference; lastKnownFileType = sourcecode.c.h; path = AppDelegate.h; sourceTree = "<group>"; };
		23126DB51CF4092E00F731AE /* AppDelegate.m */ = {isa = PBXFileReference; lastKnownFileType = sourcecode.c.objc; path = AppDelegate.m; sourceTree = "<group>"; };
		23126DB71CF4092E00F731AE /* ViewController.h */ = {isa = PBXFileReference; lastKnownFileType = sourcecode.c.h; path = ViewController.h; sourceTree = "<group>"; };
		23126DB81CF4092E00F731AE /* ViewController.m */ = {isa = PBXFileReference; lastKnownFileType = sourcecode.c.objc; path = ViewController.m; sourceTree = "<group>"; };
		23126DBB1CF4092E00F731AE /* Base */ = {isa = PBXFileReference; lastKnownFileType = file.storyboard; name = Base; path = Base.lproj/Main.storyboard; sourceTree = "<group>"; };
		23126DBD1CF4092E00F731AE /* Assets.xcassets */ = {isa = PBXFileReference; lastKnownFileType = folder.assetcatalog; path = Assets.xcassets; sourceTree = "<group>"; };
		23126DC01CF4092E00F731AE /* Base */ = {isa = PBXFileReference; lastKnownFileType = file.storyboard; name = Base; path = Base.lproj/LaunchScreen.storyboard; sourceTree = "<group>"; };
		23126DC21CF4092E00F731AE /* Info.plist */ = {isa = PBXFileReference; lastKnownFileType = text.plist.xml; path = Info.plist; sourceTree = "<group>"; };
		2352937D1D3D2788004E6FB3 /* RACSearchService.h */ = {isa = PBXFileReference; fileEncoding = 4; lastKnownFileType = sourcecode.c.h; path = RACSearchService.h; sourceTree = "<group>"; };
		2352937E1D3D2788004E6FB3 /* RACSearchService.m */ = {isa = PBXFileReference; fileEncoding = 4; lastKnownFileType = sourcecode.c.objc; path = RACSearchService.m; sourceTree = "<group>"; };
		235293801D3D3584004E6FB3 /* RACBookModel.h */ = {isa = PBXFileReference; fileEncoding = 4; lastKnownFileType = sourcecode.c.h; path = RACBookModel.h; sourceTree = "<group>"; };
		235293811D3D3584004E6FB3 /* RACBookModel.m */ = {isa = PBXFileReference; fileEncoding = 4; lastKnownFileType = sourcecode.c.objc; path = RACBookModel.m; sourceTree = "<group>"; };
		235293831D3D3796004E6FB3 /* RACSearchResult.h */ = {isa = PBXFileReference; fileEncoding = 4; lastKnownFileType = sourcecode.c.h; path = RACSearchResult.h; sourceTree = "<group>"; };
		235293841D3D3796004E6FB3 /* RACSearchResult.m */ = {isa = PBXFileReference; fileEncoding = 4; lastKnownFileType = sourcecode.c.objc; path = RACSearchResult.m; sourceTree = "<group>"; };
		235293871D3E77AF004E6FB3 /* RACDetailViewController.h */ = {isa = PBXFileReference; fileEncoding = 4; lastKnownFileType = sourcecode.c.h; path = RACDetailViewController.h; sourceTree = "<group>"; };
		235293881D3E77AF004E6FB3 /* RACDetailViewController.m */ = {isa = PBXFileReference; fileEncoding = 4; lastKnownFileType = sourcecode.c.objc; path = RACDetailViewController.m; sourceTree = "<group>"; };
		235293891D3E77AF004E6FB3 /* RACDetailViewController.xib */ = {isa = PBXFileReference; fileEncoding = 4; lastKnownFileType = file.xib; path = RACDetailViewController.xib; sourceTree = "<group>"; };
		2352938C1D3E7C56004E6FB3 /* RACDetailViewModel.h */ = {isa = PBXFileReference; fileEncoding = 4; lastKnownFileType = sourcecode.c.h; path = RACDetailViewModel.h; sourceTree = "<group>"; };
		2352938D1D3E7C56004E6FB3 /* RACDetailViewModel.m */ = {isa = PBXFileReference; fileEncoding = 4; lastKnownFileType = sourcecode.c.objc; path = RACDetailViewModel.m; sourceTree = "<group>"; };
		235293A91D3FD9E3004E6FB3 /* RACViewModelNavigationImpl.h */ = {isa = PBXFileReference; fileEncoding = 4; lastKnownFileType = sourcecode.c.h; path = RACViewModelNavigationImpl.h; sourceTree = "<group>"; };
		235293AA1D3FD9E3004E6FB3 /* RACViewModelNavigationImpl.m */ = {isa = PBXFileReference; fileEncoding = 4; lastKnownFileType = sourcecode.c.objc; path = RACViewModelNavigationImpl.m; sourceTree = "<group>"; };
		235293AB1D3FD9E3004E6FB3 /* RACViewModelNavigationProtocol.h */ = {isa = PBXFileReference; fileEncoding = 4; lastKnownFileType = sourcecode.c.h; path = RACViewModelNavigationProtocol.h; sourceTree = "<group>"; };
		23F68CAF1D3CBC07005A2F8D /* RACSearchViewController.h */ = {isa = PBXFileReference; fileEncoding = 4; lastKnownFileType = sourcecode.c.h; path = RACSearchViewController.h; sourceTree = "<group>"; };
		23F68CB01D3CBC07005A2F8D /* RACSearchViewController.m */ = {isa = PBXFileReference; fileEncoding = 4; lastKnownFileType = sourcecode.c.objc; path = RACSearchViewController.m; sourceTree = "<group>"; };
		23F68CB11D3CBC07005A2F8D /* RACSearchViewController.xib */ = {isa = PBXFileReference; fileEncoding = 4; lastKnownFileType = file.xib; path = RACSearchViewController.xib; sourceTree = "<group>"; };
		23F68CB71D3CBCAF005A2F8D /* RACSearchViewModel.h */ = {isa = PBXFileReference; fileEncoding = 4; lastKnownFileType = sourcecode.c.h; path = RACSearchViewModel.h; sourceTree = "<group>"; };
		23F68CB81D3CBCAF005A2F8D /* RACSearchViewModel.m */ = {isa = PBXFileReference; fileEncoding = 4; lastKnownFileType = sourcecode.c.objc; path = RACSearchViewModel.m; sourceTree = "<group>"; };
		23F68CC71D3CCA36005A2F8D /* RACBindViewModelProtocol.h */ = {isa = PBXFileReference; fileEncoding = 4; lastKnownFileType = sourcecode.c.h; path = RACBindViewModelProtocol.h; sourceTree = "<group>"; };
		23F68CC81D3CCA99005A2F8D /* RACTableViewBindingHelper.h */ = {isa = PBXFileReference; fileEncoding = 4; lastKnownFileType = sourcecode.c.h; path = RACTableViewBindingHelper.h; sourceTree = "<group>"; };
		23F68CC91D3CCA99005A2F8D /* RACTableViewBindingHelper.m */ = {isa = PBXFileReference; fileEncoding = 4; lastKnownFileType = sourcecode.c.objc; path = RACTableViewBindingHelper.m; sourceTree = "<group>"; };
		23F68CCB1D3CCD57005A2F8D /* RACSearchResultTableViewCell.h */ = {isa = PBXFileReference; fileEncoding = 4; lastKnownFileType = sourcecode.c.h; path = RACSearchResultTableViewCell.h; sourceTree = "<group>"; };
		23F68CCC1D3CCD57005A2F8D /* RACSearchResultTableViewCell.m */ = {isa = PBXFileReference; fileEncoding = 4; lastKnownFileType = sourcecode.c.objc; path = RACSearchResultTableViewCell.m; sourceTree = "<group>"; };
		23F68CCD1D3CCD57005A2F8D /* RACSearchResultTableViewCell.xib */ = {isa = PBXFileReference; fileEncoding = 4; lastKnownFileType = file.xib; path = RACSearchResultTableViewCell.xib; sourceTree = "<group>"; };
		23FFC82A1D3C800300C114A7 /* MVCLoginViewController.h */ = {isa = PBXFileReference; fileEncoding = 4; lastKnownFileType = sourcecode.c.h; path = MVCLoginViewController.h; sourceTree = "<group>"; };
		23FFC82B1D3C800300C114A7 /* MVCLoginViewController.m */ = {isa = PBXFileReference; fileEncoding = 4; lastKnownFileType = sourcecode.c.objc; path = MVCLoginViewController.m; sourceTree = "<group>"; };
		23FFC82C1D3C800300C114A7 /* MVCLoginViewController.xib */ = {isa = PBXFileReference; fileEncoding = 4; lastKnownFileType = file.xib; path = MVCLoginViewController.xib; sourceTree = "<group>"; };
		23FFC82D1D3C800300C114A7 /* MVVMLoginViewController.h */ = {isa = PBXFileReference; fileEncoding = 4; lastKnownFileType = sourcecode.c.h; path = MVVMLoginViewController.h; sourceTree = "<group>"; };
		23FFC82E1D3C800300C114A7 /* MVVMLoginViewController.m */ = {isa = PBXFileReference; fileEncoding = 4; lastKnownFileType = sourcecode.c.objc; path = MVVMLoginViewController.m; sourceTree = "<group>"; };
		23FFC82F1D3C800300C114A7 /* MVVMLoginViewController.xib */ = {isa = PBXFileReference; fileEncoding = 4; lastKnownFileType = file.xib; path = MVVMLoginViewController.xib; sourceTree = "<group>"; };
		23FFC8301D3C800300C114A7 /* MVVMRACLoginViewController.h */ = {isa = PBXFileReference; fileEncoding = 4; lastKnownFileType = sourcecode.c.h; path = MVVMRACLoginViewController.h; sourceTree = "<group>"; };
		23FFC8311D3C800300C114A7 /* MVVMRACLoginViewController.m */ = {isa = PBXFileReference; fileEncoding = 4; lastKnownFileType = sourcecode.c.objc; path = MVVMRACLoginViewController.m; sourceTree = "<group>"; };
		23FFC8321D3C800300C114A7 /* MVVMRACLoginViewController.xib */ = {isa = PBXFileReference; fileEncoding = 4; lastKnownFileType = file.xib; path = MVVMRACLoginViewController.xib; sourceTree = "<group>"; };
		23FFC8331D3C800300C114A7 /* RACLoginViewController.h */ = {isa = PBXFileReference; fileEncoding = 4; lastKnownFileType = sourcecode.c.h; path = RACLoginViewController.h; sourceTree = "<group>"; };
		23FFC8341D3C800300C114A7 /* RACLoginViewController.m */ = {isa = PBXFileReference; fileEncoding = 4; lastKnownFileType = sourcecode.c.objc; path = RACLoginViewController.m; sourceTree = "<group>"; };
		23FFC8351D3C800300C114A7 /* RACLoginViewController.xib */ = {isa = PBXFileReference; fileEncoding = 4; lastKnownFileType = file.xib; path = RACLoginViewController.xib; sourceTree = "<group>"; };
		23FFC8391D3C800300C114A7 /* LoginViewModel.h */ = {isa = PBXFileReference; fileEncoding = 4; lastKnownFileType = sourcecode.c.h; path = LoginViewModel.h; sourceTree = "<group>"; };
		23FFC83A1D3C800300C114A7 /* LoginViewModel.m */ = {isa = PBXFileReference; fileEncoding = 4; lastKnownFileType = sourcecode.c.objc; path = LoginViewModel.m; sourceTree = "<group>"; };
		23FFC83B1D3C800300C114A7 /* RACLoginViewModel.h */ = {isa = PBXFileReference; fileEncoding = 4; lastKnownFileType = sourcecode.c.h; path = RACLoginViewModel.h; sourceTree = "<group>"; };
		23FFC83C1D3C800300C114A7 /* RACLoginViewModel.m */ = {isa = PBXFileReference; fileEncoding = 4; lastKnownFileType = sourcecode.c.objc; path = RACLoginViewModel.m; sourceTree = "<group>"; };
		2D86F4D7F65CD6192D5214DF /* libPods.a */ = {isa = PBXFileReference; explicitFileType = archive.ar; includeInIndex = 0; path = libPods.a; sourceTree = BUILT_PRODUCTS_DIR; };
		55C89EC7B8159DC4B402A728 /* Pods.debug.xcconfig */ = {isa = PBXFileReference; includeInIndex = 1; lastKnownFileType = text.xcconfig; name = Pods.debug.xcconfig; path = "Pods/Target Support Files/Pods/Pods.debug.xcconfig"; sourceTree = "<group>"; };
		6F0E044EF8E2C3424BDF2F68 /* Pods.release.xcconfig */ = {isa = PBXFileReference; includeInIndex = 1; lastKnownFileType = text.xcconfig; name = Pods.release.xcconfig; path = "Pods/Target Support Files/Pods/Pods.release.xcconfig"; sourceTree = "<group>"; };
		722DD5CF81F5F51060E96FC3 /* Pods-ReactiveCocoaDemo.release.xcconfig */ = {isa = PBXFileReference; includeInIndex = 1; lastKnownFileType = text.xcconfig; name = "Pods-ReactiveCocoaDemo.release.xcconfig"; path = "Pods/Target Support Files/Pods-ReactiveCocoaDemo/Pods-ReactiveCocoaDemo.release.xcconfig"; sourceTree = "<group>"; };
		85E7C38B80074FD62B8F5803 /* Pods-ReactiveCocoaDemo.debug.xcconfig */ = {isa = PBXFileReference; includeInIndex = 1; lastKnownFileType = text.xcconfig; name = "Pods-ReactiveCocoaDemo.debug.xcconfig"; path = "Pods/Target Support Files/Pods-ReactiveCocoaDemo/Pods-ReactiveCocoaDemo.debug.xcconfig"; sourceTree = "<group>"; };
		D9976C667E5967BE0362CFDC /* libPods-ReactiveCocoaDemo.a */ = {isa = PBXFileReference; explicitFileType = archive.ar; includeInIndex = 0; path = "libPods-ReactiveCocoaDemo.a"; sourceTree = BUILT_PRODUCTS_DIR; };
/* End PBXFileReference section */

/* Begin PBXFrameworksBuildPhase section */
		23126DAB1CF4092E00F731AE /* Frameworks */ = {
			isa = PBXFrameworksBuildPhase;
			buildActionMask = 2147483647;
			files = (
				266A8E197AC3C143D6E149CF /* libPods-ReactiveCocoaDemo.a in Frameworks */,
			);
			runOnlyForDeploymentPostprocessing = 0;
		};
/* End PBXFrameworksBuildPhase section */

/* Begin PBXGroup section */
		23126DA51CF4092E00F731AE = {
			isa = PBXGroup;
			children = (
				23126DB01CF4092E00F731AE /* ReactiveCocoaDemo */,
				23126DAF1CF4092E00F731AE /* Products */,
				A9669B4843C51BFC83B77E2A /* Pods */,
				B506338293270E8F43B98499 /* Frameworks */,
			);
			sourceTree = "<group>";
		};
		23126DAF1CF4092E00F731AE /* Products */ = {
			isa = PBXGroup;
			children = (
				23126DAE1CF4092E00F731AE /* ReactiveCocoaDemo.app */,
			);
			name = Products;
			sourceTree = "<group>";
		};
		23126DB01CF4092E00F731AE /* ReactiveCocoaDemo */ = {
			isa = PBXGroup;
			children = (
				23126DB41CF4092E00F731AE /* AppDelegate.h */,
				23126DB51CF4092E00F731AE /* AppDelegate.m */,
				23126DB71CF4092E00F731AE /* ViewController.h */,
				23126DB81CF4092E00F731AE /* ViewController.m */,
				23126DBA1CF4092E00F731AE /* Main.storyboard */,
				23126DBD1CF4092E00F731AE /* Assets.xcassets */,
				23126DBF1CF4092E00F731AE /* LaunchScreen.storyboard */,
				23126DC21CF4092E00F731AE /* Info.plist */,
				235293A81D3FD9E3004E6FB3 /* Navigation */,
				23F68CBA1D3CC1F9005A2F8D /* Detail */,
				23FFC8491D3C817800C114A7 /* Search */,
				23FFC8251D3C800300C114A7 /* Login */,
				23126DB11CF4092E00F731AE /* Supporting Files */,
			);
			path = ReactiveCocoaDemo;
			sourceTree = "<group>";
		};
		23126DB11CF4092E00F731AE /* Supporting Files */ = {
			isa = PBXGroup;
			children = (
				23126DB21CF4092E00F731AE /* main.m */,
			);
			name = "Supporting Files";
			sourceTree = "<group>";
		};
		2352937C1D3D2750004E6FB3 /* Service */ = {
			isa = PBXGroup;
			children = (
				2352937D1D3D2788004E6FB3 /* RACSearchService.h */,
				2352937E1D3D2788004E6FB3 /* RACSearchService.m */,
			);
			path = Service;
			sourceTree = "<group>";
		};
		235293A81D3FD9E3004E6FB3 /* Navigation */ = {
			isa = PBXGroup;
			children = (
				235293AB1D3FD9E3004E6FB3 /* RACViewModelNavigationProtocol.h */,
				235293A91D3FD9E3004E6FB3 /* RACViewModelNavigationImpl.h */,
				235293AA1D3FD9E3004E6FB3 /* RACViewModelNavigationImpl.m */,
			);
			path = Navigation;
			sourceTree = "<group>";
		};
		23F68CBA1D3CC1F9005A2F8D /* Detail */ = {
			isa = PBXGroup;
			children = (
				23F68CBB1D3CC1F9005A2F8D /* Controller */,
				23F68CC01D3CC1F9005A2F8D /* View */,
				23F68CC11D3CC1F9005A2F8D /* ViewModel */,
				23F68CBF1D3CC1F9005A2F8D /* Model */,
			);
			path = Detail;
			sourceTree = "<group>";
		};
		23F68CBB1D3CC1F9005A2F8D /* Controller */ = {
			isa = PBXGroup;
			children = (
				235293871D3E77AF004E6FB3 /* RACDetailViewController.h */,
				235293881D3E77AF004E6FB3 /* RACDetailViewController.m */,
				235293891D3E77AF004E6FB3 /* RACDetailViewController.xib */,
			);
			path = Controller;
			sourceTree = "<group>";
		};
		23F68CBF1D3CC1F9005A2F8D /* Model */ = {
			isa = PBXGroup;
			children = (
			);
			path = Model;
			sourceTree = "<group>";
		};
		23F68CC01D3CC1F9005A2F8D /* View */ = {
			isa = PBXGroup;
			children = (
			);
			path = View;
			sourceTree = "<group>";
		};
		23F68CC11D3CC1F9005A2F8D /* ViewModel */ = {
			isa = PBXGroup;
			children = (
				2352938C1D3E7C56004E6FB3 /* RACDetailViewModel.h */,
				2352938D1D3E7C56004E6FB3 /* RACDetailViewModel.m */,
			);
			path = ViewModel;
			sourceTree = "<group>";
		};
		23FFC8251D3C800300C114A7 /* Login */ = {
			isa = PBXGroup;
			children = (
				23FFC8261D3C800300C114A7 /* Controller */,
				23FFC8371D3C800300C114A7 /* View */,
				23FFC8381D3C800300C114A7 /* ViewModel */,
				23FFC8361D3C800300C114A7 /* Model */,
			);
			path = Login;
			sourceTree = "<group>";
		};
		23FFC8261D3C800300C114A7 /* Controller */ = {
			isa = PBXGroup;
			children = (
				23FFC82A1D3C800300C114A7 /* MVCLoginViewController.h */,
				23FFC82B1D3C800300C114A7 /* MVCLoginViewController.m */,
				23FFC82C1D3C800300C114A7 /* MVCLoginViewController.xib */,
				23FFC82D1D3C800300C114A7 /* MVVMLoginViewController.h */,
				23FFC82E1D3C800300C114A7 /* MVVMLoginViewController.m */,
				23FFC82F1D3C800300C114A7 /* MVVMLoginViewController.xib */,
				23FFC8331D3C800300C114A7 /* RACLoginViewController.h */,
				23FFC8341D3C800300C114A7 /* RACLoginViewController.m */,
				23FFC8351D3C800300C114A7 /* RACLoginViewController.xib */,
				23FFC8301D3C800300C114A7 /* MVVMRACLoginViewController.h */,
				23FFC8311D3C800300C114A7 /* MVVMRACLoginViewController.m */,
				23FFC8321D3C800300C114A7 /* MVVMRACLoginViewController.xib */,
			);
			path = Controller;
			sourceTree = "<group>";
		};
		23FFC8361D3C800300C114A7 /* Model */ = {
			isa = PBXGroup;
			children = (
			);
			path = Model;
			sourceTree = "<group>";
		};
		23FFC8371D3C800300C114A7 /* View */ = {
			isa = PBXGroup;
			children = (
			);
			path = View;
			sourceTree = "<group>";
		};
		23FFC8381D3C800300C114A7 /* ViewModel */ = {
			isa = PBXGroup;
			children = (
				23FFC8391D3C800300C114A7 /* LoginViewModel.h */,
				23FFC83A1D3C800300C114A7 /* LoginViewModel.m */,
				23FFC83B1D3C800300C114A7 /* RACLoginViewModel.h */,
				23FFC83C1D3C800300C114A7 /* RACLoginViewModel.m */,
			);
			path = ViewModel;
			sourceTree = "<group>";
		};
		23FFC8491D3C817800C114A7 /* Search */ = {
			isa = PBXGroup;
			children = (
				2352937C1D3D2750004E6FB3 /* Service */,
				23FFC84B1D3C817800C114A7 /* Controller */,
				23FFC84E1D3C817800C114A7 /* View */,
				23FFC84A1D3C817800C114A7 /* Cell */,
				23FFC84F1D3C817800C114A7 /* ViewModel */,
				23FFC84C1D3C817800C114A7 /* Model */,
				23FFC84D1D3C817800C114A7 /* Other */,
			);
			path = Search;
			sourceTree = "<group>";
		};
		23FFC84A1D3C817800C114A7 /* Cell */ = {
			isa = PBXGroup;
			children = (
				23F68CCB1D3CCD57005A2F8D /* RACSearchResultTableViewCell.h */,
				23F68CCC1D3CCD57005A2F8D /* RACSearchResultTableViewCell.m */,
				23F68CCD1D3CCD57005A2F8D /* RACSearchResultTableViewCell.xib */,
			);
			path = Cell;
			sourceTree = "<group>";
		};
		23FFC84B1D3C817800C114A7 /* Controller */ = {
			isa = PBXGroup;
			children = (
				23F68CAF1D3CBC07005A2F8D /* RACSearchViewController.h */,
				23F68CB01D3CBC07005A2F8D /* RACSearchViewController.m */,
				23F68CB11D3CBC07005A2F8D /* RACSearchViewController.xib */,
			);
			path = Controller;
			sourceTree = "<group>";
		};
		23FFC84C1D3C817800C114A7 /* Model */ = {
			isa = PBXGroup;
			children = (
				235293801D3D3584004E6FB3 /* RACBookModel.h */,
				235293811D3D3584004E6FB3 /* RACBookModel.m */,
				235293831D3D3796004E6FB3 /* RACSearchResult.h */,
				235293841D3D3796004E6FB3 /* RACSearchResult.m */,
			);
			path = Model;
			sourceTree = "<group>";
		};
		23FFC84D1D3C817800C114A7 /* Other */ = {
			isa = PBXGroup;
			children = (
				23F68CC71D3CCA36005A2F8D /* RACBindViewModelProtocol.h */,
				23F68CC81D3CCA99005A2F8D /* RACTableViewBindingHelper.h */,
				23F68CC91D3CCA99005A2F8D /* RACTableViewBindingHelper.m */,
			);
			path = Other;
			sourceTree = "<group>";
		};
		23FFC84E1D3C817800C114A7 /* View */ = {
			isa = PBXGroup;
			children = (
			);
			path = View;
			sourceTree = "<group>";
		};
		23FFC84F1D3C817800C114A7 /* ViewModel */ = {
			isa = PBXGroup;
			children = (
				23F68CB71D3CBCAF005A2F8D /* RACSearchViewModel.h */,
				23F68CB81D3CBCAF005A2F8D /* RACSearchViewModel.m */,
			);
			path = ViewModel;
			sourceTree = "<group>";
		};
		A9669B4843C51BFC83B77E2A /* Pods */ = {
			isa = PBXGroup;
			children = (
				55C89EC7B8159DC4B402A728 /* Pods.debug.xcconfig */,
				6F0E044EF8E2C3424BDF2F68 /* Pods.release.xcconfig */,
				85E7C38B80074FD62B8F5803 /* Pods-ReactiveCocoaDemo.debug.xcconfig */,
				722DD5CF81F5F51060E96FC3 /* Pods-ReactiveCocoaDemo.release.xcconfig */,
			);
			name = Pods;
			sourceTree = "<group>";
		};
		B506338293270E8F43B98499 /* Frameworks */ = {
			isa = PBXGroup;
			children = (
				2D86F4D7F65CD6192D5214DF /* libPods.a */,
				D9976C667E5967BE0362CFDC /* libPods-ReactiveCocoaDemo.a */,
			);
			name = Frameworks;
			sourceTree = "<group>";
		};
/* End PBXGroup section */

/* Begin PBXNativeTarget section */
		23126DAD1CF4092E00F731AE /* ReactiveCocoaDemo */ = {
			isa = PBXNativeTarget;
			buildConfigurationList = 23126DC51CF4092E00F731AE /* Build configuration list for PBXNativeTarget "ReactiveCocoaDemo" */;
			buildPhases = (
				6D0DA909E348B530124CAB2A /* [CP] Check Pods Manifest.lock */,
				23126DAA1CF4092E00F731AE /* Sources */,
				23126DAB1CF4092E00F731AE /* Frameworks */,
				23126DAC1CF4092E00F731AE /* Resources */,
				D3449323787675F714E198AD /* [CP] Embed Pods Frameworks */,
				C75E6F9C46ACA876DF899BF8 /* [CP] Copy Pods Resources */,
			);
			buildRules = (
			);
			dependencies = (
			);
			name = ReactiveCocoaDemo;
			productName = ReactiveCocoaDemo;
			productReference = 23126DAE1CF4092E00F731AE /* ReactiveCocoaDemo.app */;
			productType = "com.apple.product-type.application";
		};
/* End PBXNativeTarget section */

/* Begin PBXProject section */
		23126DA61CF4092E00F731AE /* Project object */ = {
			isa = PBXProject;
			attributes = {
				LastUpgradeCheck = 0730;
				ORGANIZATIONNAME = TSJ;
				TargetAttributes = {
					23126DAD1CF4092E00F731AE = {
						CreatedOnToolsVersion = 7.3;
					};
				};
			};
			buildConfigurationList = 23126DA91CF4092E00F731AE /* Build configuration list for PBXProject "ReactiveCocoaDemo" */;
			compatibilityVersion = "Xcode 3.2";
			developmentRegion = English;
			hasScannedForEncodings = 0;
			knownRegions = (
				en,
				Base,
			);
			mainGroup = 23126DA51CF4092E00F731AE;
			productRefGroup = 23126DAF1CF4092E00F731AE /* Products */;
			projectDirPath = "";
			projectRoot = "";
			targets = (
				23126DAD1CF4092E00F731AE /* ReactiveCocoaDemo */,
			);
		};
/* End PBXProject section */

/* Begin PBXResourcesBuildPhase section */
		23126DAC1CF4092E00F731AE /* Resources */ = {
			isa = PBXResourcesBuildPhase;
			buildActionMask = 2147483647;
			files = (
				23FFC8421D3C800300C114A7 /* MVVMLoginViewController.xib in Resources */,
				23FFC8461D3C800300C114A7 /* RACLoginViewController.xib in Resources */,
				23126DC11CF4092E00F731AE /* LaunchScreen.storyboard in Resources */,
				2352938B1D3E77AF004E6FB3 /* RACDetailViewController.xib in Resources */,
				23F68CB31D3CBC07005A2F8D /* RACSearchViewController.xib in Resources */,
				23FFC8401D3C800300C114A7 /* MVCLoginViewController.xib in Resources */,
				23F68CCF1D3CCD57005A2F8D /* RACSearchResultTableViewCell.xib in Resources */,
				23126DBE1CF4092E00F731AE /* Assets.xcassets in Resources */,
				23126DBC1CF4092E00F731AE /* Main.storyboard in Resources */,
				23FFC8441D3C800300C114A7 /* MVVMRACLoginViewController.xib in Resources */,
			);
			runOnlyForDeploymentPostprocessing = 0;
		};
/* End PBXResourcesBuildPhase section */

/* Begin PBXShellScriptBuildPhase section */
		6D0DA909E348B530124CAB2A /* [CP] Check Pods Manifest.lock */ = {
			isa = PBXShellScriptBuildPhase;
			buildActionMask = 2147483647;
			files = (
			);
			inputPaths = (
			);
			name = "[CP] Check Pods Manifest.lock";
			outputPaths = (
			);
			runOnlyForDeploymentPostprocessing = 0;
			shellPath = /bin/sh;
			shellScript = "diff \"${PODS_ROOT}/../Podfile.lock\" \"${PODS_ROOT}/Manifest.lock\" > /dev/null\nif [[ $? != 0 ]] ; then\n    cat << EOM\nerror: The sandbox is not in sync with the Podfile.lock. Run 'pod install' or update your CocoaPods installation.\nEOM\n    exit 1\nfi\n";
			showEnvVarsInLog = 0;
		};
		C75E6F9C46ACA876DF899BF8 /* [CP] Copy Pods Resources */ = {
			isa = PBXShellScriptBuildPhase;
			buildActionMask = 2147483647;
			files = (
			);
			inputPaths = (
			);
			name = "[CP] Copy Pods Resources";
			outputPaths = (
			);
			runOnlyForDeploymentPostprocessing = 0;
			shellPath = /bin/sh;
			shellScript = "\"${SRCROOT}/Pods/Target Support Files/Pods-ReactiveCocoaDemo/Pods-ReactiveCocoaDemo-resources.sh\"\n";
			showEnvVarsInLog = 0;
		};
		D3449323787675F714E198AD /* [CP] Embed Pods Frameworks */ = {
			isa = PBXShellScriptBuildPhase;
			buildActionMask = 2147483647;
			files = (
			);
			inputPaths = (
			);
			name = "[CP] Embed Pods Frameworks";
			outputPaths = (
			);
			runOnlyForDeploymentPostprocessing = 0;
			shellPath = /bin/sh;
			shellScript = "\"${SRCROOT}/Pods/Target Support Files/Pods-ReactiveCocoaDemo/Pods-ReactiveCocoaDemo-frameworks.sh\"\n";
			showEnvVarsInLog = 0;
		};
/* End PBXShellScriptBuildPhase section */

/* Begin PBXSourcesBuildPhase section */
		23126DAA1CF4092E00F731AE /* Sources */ = {
			isa = PBXSourcesBuildPhase;
			buildActionMask = 2147483647;
			files = (
				23FFC8431D3C800300C114A7 /* MVVMRACLoginViewController.m in Sources */,
				23F68CCE1D3CCD57005A2F8D /* RACSearchResultTableViewCell.m in Sources */,
				23FFC8451D3C800300C114A7 /* RACLoginViewController.m in Sources */,
				23126DB91CF4092E00F731AE /* ViewController.m in Sources */,
				2352937F1D3D2788004E6FB3 /* RACSearchService.m in Sources */,
				23F68CB21D3CBC07005A2F8D /* RACSearchViewController.m in Sources */,
				23FFC8411D3C800300C114A7 /* MVVMLoginViewController.m in Sources */,
				23126DB61CF4092E00F731AE /* AppDelegate.m in Sources */,
				23F68CCA1D3CCA99005A2F8D /* RACTableViewBindingHelper.m in Sources */,
				2352938E1D3E7C56004E6FB3 /* RACDetailViewModel.m in Sources */,
				23F68CB91D3CBCAF005A2F8D /* RACSearchViewModel.m in Sources */,
				235293821D3D3584004E6FB3 /* RACBookModel.m in Sources */,
				2352938A1D3E77AF004E6FB3 /* RACDetailViewController.m in Sources */,
				23126DB31CF4092E00F731AE /* main.m in Sources */,
				235293851D3D3796004E6FB3 /* RACSearchResult.m in Sources */,
				23FFC83F1D3C800300C114A7 /* MVCLoginViewController.m in Sources */,
				235293AC1D3FD9E3004E6FB3 /* RACViewModelNavigationImpl.m in Sources */,
				23FFC8471D3C800300C114A7 /* LoginViewModel.m in Sources */,
				23FFC8481D3C800300C114A7 /* RACLoginViewModel.m in Sources */,
			);
			runOnlyForDeploymentPostprocessing = 0;
		};
/* End PBXSourcesBuildPhase section */

/* Begin PBXVariantGroup section */
		23126DBA1CF4092E00F731AE /* Main.storyboard */ = {
			isa = PBXVariantGroup;
			children = (
				23126DBB1CF4092E00F731AE /* Base */,
			);
			name = Main.storyboard;
			sourceTree = "<group>";
		};
		23126DBF1CF4092E00F731AE /* LaunchScreen.storyboard */ = {
			isa = PBXVariantGroup;
			children = (
				23126DC01CF4092E00F731AE /* Base */,
			);
			name = LaunchScreen.storyboard;
			sourceTree = "<group>";
		};
/* End PBXVariantGroup section */

/* Begin XCBuildConfiguration section */
		23126DC31CF4092E00F731AE /* Debug */ = {
			isa = XCBuildConfiguration;
			buildSettings = {
				ALWAYS_SEARCH_USER_PATHS = NO;
				CLANG_ANALYZER_NONNULL = YES;
				CLANG_CXX_LANGUAGE_STANDARD = "gnu++0x";
				CLANG_CXX_LIBRARY = "libc++";
				CLANG_ENABLE_MODULES = YES;
				CLANG_ENABLE_OBJC_ARC = YES;
				CLANG_WARN_BOOL_CONVERSION = YES;
				CLANG_WARN_CONSTANT_CONVERSION = YES;
				CLANG_WARN_DIRECT_OBJC_ISA_USAGE = YES_ERROR;
				CLANG_WARN_EMPTY_BODY = YES;
				CLANG_WARN_ENUM_CONVERSION = YES;
				CLANG_WARN_INT_CONVERSION = YES;
				CLANG_WARN_OBJC_ROOT_CLASS = YES_ERROR;
				CLANG_WARN_UNREACHABLE_CODE = YES;
				CLANG_WARN__DUPLICATE_METHOD_MATCH = YES;
				"CODE_SIGN_IDENTITY[sdk=iphoneos*]" = "iPhone Developer";
				COPY_PHASE_STRIP = NO;
				DEBUG_INFORMATION_FORMAT = dwarf;
				ENABLE_STRICT_OBJC_MSGSEND = YES;
				ENABLE_TESTABILITY = YES;
				GCC_C_LANGUAGE_STANDARD = gnu99;
				GCC_DYNAMIC_NO_PIC = NO;
				GCC_NO_COMMON_BLOCKS = YES;
				GCC_OPTIMIZATION_LEVEL = 0;
				GCC_PREPROCESSOR_DEFINITIONS = (
					"DEBUG=1",
					"$(inherited)",
				);
				GCC_WARN_64_TO_32_BIT_CONVERSION = YES;
				GCC_WARN_ABOUT_RETURN_TYPE = YES_ERROR;
				GCC_WARN_UNDECLARED_SELECTOR = YES;
				GCC_WARN_UNINITIALIZED_AUTOS = YES_AGGRESSIVE;
				GCC_WARN_UNUSED_FUNCTION = YES;
				GCC_WARN_UNUSED_VARIABLE = YES;
				IPHONEOS_DEPLOYMENT_TARGET = 9.3;
				MTL_ENABLE_DEBUG_INFO = YES;
				ONLY_ACTIVE_ARCH = YES;
				SDKROOT = iphoneos;
			};
			name = Debug;
		};
		23126DC41CF4092E00F731AE /* Release */ = {
			isa = XCBuildConfiguration;
			buildSettings = {
				ALWAYS_SEARCH_USER_PATHS = NO;
				CLANG_ANALYZER_NONNULL = YES;
				CLANG_CXX_LANGUAGE_STANDARD = "gnu++0x";
				CLANG_CXX_LIBRARY = "libc++";
				CLANG_ENABLE_MODULES = YES;
				CLANG_ENABLE_OBJC_ARC = YES;
				CLANG_WARN_BOOL_CONVERSION = YES;
				CLANG_WARN_CONSTANT_CONVERSION = YES;
				CLANG_WARN_DIRECT_OBJC_ISA_USAGE = YES_ERROR;
				CLANG_WARN_EMPTY_BODY = YES;
				CLANG_WARN_ENUM_CONVERSION = YES;
				CLANG_WARN_INT_CONVERSION = YES;
				CLANG_WARN_OBJC_ROOT_CLASS = YES_ERROR;
				CLANG_WARN_UNREACHABLE_CODE = YES;
				CLANG_WARN__DUPLICATE_METHOD_MATCH = YES;
				"CODE_SIGN_IDENTITY[sdk=iphoneos*]" = "iPhone Developer";
				COPY_PHASE_STRIP = NO;
				DEBUG_INFORMATION_FORMAT = "dwarf-with-dsym";
				ENABLE_NS_ASSERTIONS = NO;
				ENABLE_STRICT_OBJC_MSGSEND = YES;
				GCC_C_LANGUAGE_STANDARD = gnu99;
				GCC_NO_COMMON_BLOCKS = YES;
				GCC_WARN_64_TO_32_BIT_CONVERSION = YES;
				GCC_WARN_ABOUT_RETURN_TYPE = YES_ERROR;
				GCC_WARN_UNDECLARED_SELECTOR = YES;
				GCC_WARN_UNINITIALIZED_AUTOS = YES_AGGRESSIVE;
				GCC_WARN_UNUSED_FUNCTION = YES;
				GCC_WARN_UNUSED_VARIABLE = YES;
				IPHONEOS_DEPLOYMENT_TARGET = 9.3;
				MTL_ENABLE_DEBUG_INFO = NO;
				SDKROOT = iphoneos;
				VALIDATE_PRODUCT = YES;
			};
			name = Release;
		};
		23126DC61CF4092E00F731AE /* Debug */ = {
			isa = XCBuildConfiguration;
			baseConfigurationReference = 85E7C38B80074FD62B8F5803 /* Pods-ReactiveCocoaDemo.debug.xcconfig */;
			buildSettings = {
				ASSETCATALOG_COMPILER_APPICON_NAME = AppIcon;
				INFOPLIST_FILE = ReactiveCocoaDemo/Info.plist;
				LD_RUNPATH_SEARCH_PATHS = "$(inherited) @executable_path/Frameworks";
				PRODUCT_BUNDLE_IDENTIFIER = com.taoshijie.ReactiveCocoaDemo;
				PRODUCT_NAME = "$(TARGET_NAME)";
			};
			name = Debug;
		};
		23126DC71CF4092E00F731AE /* Release */ = {
			isa = XCBuildConfiguration;
			baseConfigurationReference = 722DD5CF81F5F51060E96FC3 /* Pods-ReactiveCocoaDemo.release.xcconfig */;
			buildSettings = {
				ASSETCATALOG_COMPILER_APPICON_NAME = AppIcon;
				INFOPLIST_FILE = ReactiveCocoaDemo/Info.plist;
				LD_RUNPATH_SEARCH_PATHS = "$(inherited) @executable_path/Frameworks";
				PRODUCT_BUNDLE_IDENTIFIER = com.taoshijie.ReactiveCocoaDemo;
				PRODUCT_NAME = "$(TARGET_NAME)";
			};
			name = Release;
		};
/* End XCBuildConfiguration section */

/* Begin XCConfigurationList section */
		23126DA91CF4092E00F731AE /* Build configuration list for PBXProject "ReactiveCocoaDemo" */ = {
			isa = XCConfigurationList;
			buildConfigurations = (
				23126DC31CF4092E00F731AE /* Debug */,
				23126DC41CF4092E00F731AE /* Release */,
			);
			defaultConfigurationIsVisible = 0;
			defaultConfigurationName = Release;
		};
		23126DC51CF4092E00F731AE /* Build configuration list for PBXNativeTarget "ReactiveCocoaDemo" */ = {
			isa = XCConfigurationList;
			buildConfigurations = (
				23126DC61CF4092E00F731AE /* Debug */,
				23126DC71CF4092E00F731AE /* Release */,
			);
			defaultConfigurationIsVisible = 0;
			defaultConfigurationName = Release;
		};
/* End XCConfigurationList section */
	};
	rootObject = 23126DA61CF4092E00F731AE /* Project object */;
}
